// !$*UTF8*$!
{
	archiveVersion = 1;
	classes = {
	};
	objectVersion = 46;
	objects = {

/* Begin PBXBuildFile section */
		DDB598101CAB229F00685A0C /* AppDelegate.swift in Sources */ = {isa = PBXBuildFile; fileRef = DDB5980F1CAB229F00685A0C /* AppDelegate.swift */; };
		DDB598121CAB229F00685A0C /* ViewController.swift in Sources */ = {isa = PBXBuildFile; fileRef = DDB598111CAB229F00685A0C /* ViewController.swift */; };
		DDB598151CAB229F00685A0C /* Main.storyboard in Resources */ = {isa = PBXBuildFile; fileRef = DDB598131CAB229F00685A0C /* Main.storyboard */; };
		DDB598171CAB229F00685A0C /* Assets.xcassets in Resources */ = {isa = PBXBuildFile; fileRef = DDB598161CAB229F00685A0C /* Assets.xcassets */; };
		DDB5981A1CAB229F00685A0C /* LaunchScreen.storyboard in Resources */ = {isa = PBXBuildFile; fileRef = DDB598181CAB229F00685A0C /* LaunchScreen.storyboard */; };
/* End PBXBuildFile section */

/* Begin PBXFileReference section */
		DDB5980C1CAB229F00685A0C /* calculate-it.app */ = {isa = PBXFileReference; explicitFileType = wrapper.application; includeInIndex = 0; path = "calculate-it.app"; sourceTree = BUILT_PRODUCTS_DIR; };
		DDB5980F1CAB229F00685A0C /* AppDelegate.swift */ = {isa = PBXFileReference; lastKnownFileType = sourcecode.swift; path = AppDelegate.swift; sourceTree = "<group>"; };
		DDB598111CAB229F00685A0C /* ViewController.swift */ = {isa = PBXFileReference; lastKnownFileType = sourcecode.swift; path = ViewController.swift; sourceTree = "<group>"; };
		DDB598141CAB229F00685A0C /* Base */ = {isa = PBXFileReference; lastKnownFileType = file.storyboard; name = Base; path = Base.lproj/Main.storyboard; sourceTree = "<group>"; };
		DDB598161CAB229F00685A0C /* Assets.xcassets */ = {isa = PBXFileReference; lastKnownFileType = folder.assetcatalog; path = Assets.xcassets; sourceTree = "<group>"; };
		DDB598191CAB229F00685A0C /* Base */ = {isa = PBXFileReference; lastKnownFileType = file.storyboard; name = Base; path = Base.lproj/LaunchScreen.storyboard; sourceTree = "<group>"; };
		DDB5981B1CAB229F00685A0C /* Info.plist */ = {isa = PBXFileReference; lastKnownFileType = text.plist.xml; path = Info.plist; sourceTree = "<group>"; };
/* End PBXFileReference section */

/* Begin PBXFrameworksBuildPhase section */
		DDB598091CAB229F00685A0C /* Frameworks */ = {
			isa = PBXFrameworksBuildPhase;
			buildActionMask = 2147483647;
			files = (
			);
			runOnlyForDeploymentPostprocessing = 0;
		};
/* End PBXFrameworksBuildPhase section */

/* Begin PBXGroup section */
		DDB598031CAB229F00685A0C = {
			isa = PBXGroup;
			children = (
				DDB5980E1CAB229F00685A0C /* calculate-it */,
				DDB5980D1CAB229F00685A0C /* Products */,
			);
			sourceTree = "<group>";
		};
		DDB5980D1CAB229F00685A0C /* Products */ = {
			isa = PBXGroup;
			children = (
				DDB5980C1CAB229F00685A0C /* calculate-it.app */,
			);
			name = Products;
			sourceTree = "<group>";
		};
		DDB5980E1CAB229F00685A0C /* calculate-it */ = {
			isa = PBXGroup;
			children = (
				DDB5980F1CAB229F00685A0C /* AppDelegate.swift */,
				DDB598111CAB229F00685A0C /* ViewController.swift */,
				DDB598131CAB229F00685A0C /* Main.storyboard */,
				DDB598161CAB229F00685A0C /* Assets.xcassets */,
				DDB598181CAB229F00685A0C /* LaunchScreen.storyboard */,
				DDB5981B1CAB229F00685A0C /* Info.plist */,
			);
			path = "calculate-it";
			sourceTree = "<group>";
		};
/* End PBXGroup section */

/* Begin PBXNativeTarget section */
		DDB5980B1CAB229F00685A0C /* calculate-it */ = {
			isa = PBXNativeTarget;
			buildConfigurationList = DDB5981E1CAB229F00685A0C /* Build configuration list for PBXNativeTarget "calculate-it" */;
			buildPhases = (
				DDB598081CAB229F00685A0C /* Sources */,
				DDB598091CAB229F00685A0C /* Frameworks */,
				DDB5980A1CAB229F00685A0C /* Resources */,
			);
			buildRules = (
			);
			dependencies = (
			);
			name = "calculate-it";
			productName = "calculate-it";
			productReference = DDB5980C1CAB229F00685A0C /* calculate-it.app */;
			productType = "com.apple.product-type.application";
		};
/* End PBXNativeTarget section */

/* Begin PBXProject section */
		DDB598041CAB229F00685A0C /* Project object */ = {
			isa = PBXProject;
			attributes = {
				LastSwiftUpdateCheck = 0730;
				LastUpgradeCheck = 0730;
				ORGANIZATIONNAME = TouchingFreedom;
				TargetAttributes = {
					DDB5980B1CAB229F00685A0C = {
						CreatedOnToolsVersion = 7.3;
					};
				};
			};
			buildConfigurationList = DDB598071CAB229F00685A0C /* Build configuration list for PBXProject "calculate-it" */;
			compatibilityVersion = "Xcode 3.2";
			developmentRegion = English;
			hasScannedForEncodings = 0;
			knownRegions = (
				en,
				Base,
			);
			mainGroup = DDB598031CAB229F00685A0C;
			productRefGroup = DDB5980D1CAB229F00685A0C /* Products */;
			projectDirPath = "";
			projectRoot = "";
			targets = (
				DDB5980B1CAB229F00685A0C /* calculate-it */,
			);
		};
/* End PBXProject section */

/* Begin PBXResourcesBuildPhase section */
		DDB5980A1CAB229F00685A0C /* Resources */ = {
			isa = PBXResourcesBuildPhase;
			buildActionMask = 2147483647;
			files = (
				DDB5981A1CAB229F00685A0C /* LaunchScreen.storyboard in Resources */,
				DDB598171CAB229F00685A0C /* Assets.xcassets in Resources */,
				DDB598151CAB229F00685A0C /* Main.storyboard in Resources */,
			);
			runOnlyForDeploymentPostprocessing = 0;
		};
/* End PBXResourcesBuildPhase section */

/* Begin PBXSourcesBuildPhase section */
		DDB598081CAB229F00685A0C /* Sources */ = {
			isa = PBXSourcesBuildPhase;
			buildActionMask = 2147483647;
			files = (
				DDB598121CAB229F00685A0C /* ViewController.swift in Sources */,
				DDB598101CAB229F00685A0C /* AppDelegate.swift in Sources */,
			);
			runOnlyForDeploymentPostprocessing = 0;
		};
/* End PBXSourcesBuildPhase section */

/* Begin PBXVariantGroup section */
		DDB598131CAB229F00685A0C /* Main.storyboard */ = {
			isa = PBXVariantGroup;
			children = (
				DDB598141CAB229F00685A0C /* Base */,
			);
			name = Main.storyboard;
			sourceTree = "<group>";
		};
		DDB598181CAB229F00685A0C /* LaunchScreen.storyboard */ = {
			isa = PBXVariantGroup;
			children = (
				DDB598191CAB229F00685A0C /* Base */,
			);
			name = LaunchScreen.storyboard;
			sourceTree = "<group>";
		};
/* End PBXVariantGroup section */

/* Begin XCBuildConfiguration section */
		DDB5981C1CAB229F00685A0C /* Debug */ = {
			isa = XCBuildConfiguration;
			buildSettings = {
				ALWAYS_SEARCH_USER_PATHS = NO;
				CLANG_ANALYZER_NONNULL = YES;
				CLANG_CXX_LANGUAGE_STANDARD = "gnu++0x";
				CLANG_CXX_LIBRARY = "libc++";
				CLANG_ENABLE_MODULES = YES;
				CLANG_ENABLE_OBJC_ARC = YES;
				CLANG_WARN_BOOL_CONVERSION = YES;
				CLANG_WARN_CONSTANT_CONVERSION = YES;
				CLANG_WARN_DIRECT_OBJC_ISA_USAGE = YES_ERROR;
				CLANG_WARN_EMPTY_BODY = YES;
				CLANG_WARN_ENUM_CONVERSION = YES;
				CLANG_WARN_INT_CONVERSION = YES;
				CLANG_WARN_OBJC_ROOT_CLASS = YES_ERROR;
				CLANG_WARN_UNREACHABLE_CODE = YES;
				CLANG_WARN__DUPLICATE_METHOD_MATCH = YES;
				"CODE_SIGN_IDENTITY[sdk=iphoneos*]" = "iPhone Developer";
				COPY_PHASE_STRIP = NO;
				DEBUG_INFORMATION_FORMAT = dwarf;
				ENABLE_STRICT_OBJC_MSGSEND = YES;
				ENABLE_TESTABILITY = YES;
				GCC_C_LANGUAGE_STANDARD = gnu99;
				GCC_DYNAMIC_NO_PIC = NO;
				GCC_NO_COMMON_BLOCKS = YES;
				GCC_OPTIMIZATION_LEVEL = 0;
				GCC_PREPROCESSOR_DEFINITIONS = (
					"DEBUG=1",
					"$(inherited)",
				);
				GCC_WARN_64_TO_32_BIT_CONVERSION = YES;
				GCC_WARN_ABOUT_RETURN_TYPE = YES_ERROR;
				GCC_WARN_UNDECLARED_SELECTOR = YES;
				GCC_WARN_UNINITIALIZED_AUTOS = YES_AGGRESSIVE;
				GCC_WARN_UNUSED_FUNCTION = YES;
				GCC_WARN_UNUSED_VARIABLE = YES;
				IPHONEOS_DEPLOYMENT_TARGET = 9.3;
				MTL_ENABLE_DEBUG_INFO = YES;
				ONLY_ACTIVE_ARCH = YES;
				SDKROOT = iphoneos;
				SWIFT_OPTIMIZATION_LEVEL = "-Onone";
			};
			name = Debug;
		};
		DDB5981D1CAB229F00685A0C /* Release */ = {
			isa = XCBuildConfiguration;
			buildSettings = {
				ALWAYS_SEARCH_USER_PATHS = NO;
				CLANG_ANALYZER_NONNULL = YES;
				CLANG_CXX_LANGUAGE_STANDARD = "gnu++0x";
				CLANG_CXX_LIBRARY = "libc++";
				CLANG_ENABLE_MODULES = YES;
				CLANG_ENABLE_OBJC_ARC = YES;
				CLANG_WARN_BOOL_CONVERSION = YES;
				CLANG_WARN_CONSTANT_CONVERSION = YES;
				CLANG_WARN_DIRECT_OBJC_ISA_USAGE = YES_ERROR;
				CLANG_WARN_EMPTY_BODY = YES;
				CLANG_WARN_ENUM_CONVERSION = YES;
				CLANG_WARN_INT_CONVERSION = YES;
				CLANG_WARN_OBJC_ROOT_CLASS = YES_ERROR;
				CLANG_WARN_UNREACHABLE_CODE = YES;
				CLANG_WARN__DUPLICATE_METHOD_MATCH = YES;
				"CODE_SIGN_IDENTITY[sdk=iphoneos*]" = "iPhone Developer";
				COPY_PHASE_STRIP = NO;
				DEBUG_INFORMATION_FORMAT = "dwarf-with-dsym";
				ENABLE_NS_ASSERTIONS = NO;
				ENABLE_STRICT_OBJC_MSGSEND = YES;
				GCC_C_LANGUAGE_STANDARD = gnu99;
				GCC_NO_COMMON_BLOCKS = YES;
				GCC_WARN_64_TO_32_BIT_CONVERSION = YES;
				GCC_WARN_ABOUT_RETURN_TYPE = YES_ERROR;
				GCC_WARN_UNDECLARED_SELECTOR = YES;
				GCC_WARN_UNINITIALIZED_AUTOS = YES_AGGRESSIVE;
				GCC_WARN_UNUSED_FUNCTION = YES;
				GCC_WARN_UNUSED_VARIABLE = YES;
				IPHONEOS_DEPLOYMENT_TARGET = 9.3;
				MTL_ENABLE_DEBUG_INFO = NO;
				SDKROOT = iphoneos;
				VALIDATE_PRODUCT = YES;
			};
			name = Release;
		};
		DDB5981F1CAB229F00685A0C /* Debug */ = {
			isa = XCBuildConfiguration;
			buildSettings = {
				ASSETCATALOG_COMPILER_APPICON_NAME = AppIcon;
				INFOPLIST_FILE = "calculate-it/Info.plist";
				LD_RUNPATH_SEARCH_PATHS = "$(inherited) @executable_path/Frameworks";
				PRODUCT_BUNDLE_IDENTIFIER = "com.touchingfreedom.calculate-it";
				PRODUCT_NAME = "$(TARGET_NAME)";
			};
			name = Debug;
		};
		DDB598201CAB229F00685A0C /* Release */ = {
			isa = XCBuildConfiguration;
			buildSettings = {
				ASSETCATALOG_COMPILER_APPICON_NAME = AppIcon;
				INFOPLIST_FILE = "calculate-it/Info.plist";
				LD_RUNPATH_SEARCH_PATHS = "$(inherited) @executable_path/Frameworks";
				PRODUCT_BUNDLE_IDENTIFIER = "com.touchingfreedom.calculate-it";
				PRODUCT_NAME = "$(TARGET_NAME)";
			};
			name = Release;
		};
/* End XCBuildConfiguration section */

/* Begin XCConfigurationList section */
		DDB598071CAB229F00685A0C /* Build configuration list for PBXProject "calculate-it" */ = {
			isa = XCConfigurationList;
			buildConfigurations = (
				DDB5981C1CAB229F00685A0C /* Debug */,
				DDB5981D1CAB229F00685A0C /* Release */,
			);
			defaultConfigurationIsVisible = 0;
			defaultConfigurationName = Release;
		};
		DDB5981E1CAB229F00685A0C /* Build configuration list for PBXNativeTarget "calculate-it" */ = {
			isa = XCConfigurationList;
			buildConfigurations = (
				DDB5981F1CAB229F00685A0C /* Debug */,
				DDB598201CAB229F00685A0C /* Release */,
			);
			defaultConfigurationIsVisible = 0;
		};
/* End XCConfigurationList section */
	};
	rootObject = DDB598041CAB229F00685A0C /* Project object */;
}
